<?xml version="1.0" encoding="utf-8"?>
<Project ToolsVersion="4.0" xmlns="http://schemas.microsoft.com/developer/msbuild/2003">
  <ItemGroup>
    <Filter Include="Source Files">
      <UniqueIdentifier>{4FC737F1-C7A5-4376-A066-2A32D752A2FF}</UniqueIdentifier>
      <Extensions>cpp;c;cc;cxx;def;odl;idl;hpj;bat;asm;asmx</Extensions>
    </Filter>
    <Filter Include="Header Files">
      <UniqueIdentifier>{93995380-89BD-4b04-88EB-625FBE52EBFB}</UniqueIdentifier>
      <Extensions>h;hpp;hxx;hm;inl;inc;xsd</Extensions>
    </Filter>
    <Filter Include="Resource Files">
      <UniqueIdentifier>{67DA6AB6-F800-4c08-8B7A-83BB121AAD01}</UniqueIdentifier>
      <Extensions>rc;ico;cur;bmp;dlg;rc2;rct;bin;rgs;gif;jpg;jpeg;jpe;resx;tiff;tif;png;wav;mfcribbon-ms</Extensions>
    </Filter>
    <Filter Include="jni">
      <UniqueIdentifier>{73d22108-4333-4920-8837-92864e484010}</UniqueIdentifier>
    </Filter>
    <Filter Include="Demo">
      <UniqueIdentifier>{4d9e10bd-9d1c-4c4e-8d63-5a83767a3f57}</UniqueIdentifier>
    </Filter>
  </ItemGroup>
  <ItemGroup>
    <ClCompile Include="OpenGL.cpp">
      <Filter>Source Files</Filter>
    </ClCompile>
    <ClCompile Include="Window.cpp">
      <Filter>Source Files</Filter>
    </ClCompile>
    <ClCompile Include="WinMain.cpp">
      <Filter>Source Files</Filter>
    </ClCompile>
    <ClCompile Include="jni\Engine.cpp">
      <Filter>jni</Filter>
    </ClCompile>
    <ClCompile Include="jni\Shader.cpp">
      <Filter>Source Files</Filter>
    </ClCompile>
    <ClCompile Include="jni\Debug.cpp">
      <Filter>Source Files</Filter>
    </ClCompile>
    <ClCompile Include="FileReader.cpp">
      <Filter>Source Files</Filter>
    </ClCompile>
    <ClCompile Include="jni\Texture.cpp">
      <Filter>Source Files</Filter>
    </ClCompile>
    <ClCompile Include="UtilWin.cpp">
      <Filter>Source Files</Filter>
    </ClCompile>
    <ClCompile Include="jni\Game.cpp">
      <Filter>Source Files</Filter>
    </ClCompile>
    <ClCompile Include="jni\ContentManager.cpp">
      <Filter>Source Files</Filter>
    </ClCompile>
    <ClCompile Include="jni\DeviceManager.cpp">
      <Filter>Source Files</Filter>
    </ClCompile>
    <ClCompile Include="jni\ObjLoader.cpp">
      <Filter>Source Files</Filter>
    </ClCompile>
    <ClCompile Include="jni\Quad.cpp">
      <Filter>Source Files</Filter>
    </ClCompile>
    <ClCompile Include="jni\Mesh.cpp">
      <Filter>Source Files</Filter>
    </ClCompile>
    <ClCompile Include="jni\GameObject.cpp">
      <Filter>Source Files</Filter>
    </ClCompile>
    <ClCompile Include="jni\Sprite.cpp">
      <Filter>Source Files</Filter>
    </ClCompile>
    <ClCompile Include="jni\Object.cpp">
      <Filter>Source Files</Filter>
    </ClCompile>
    <ClCompile Include="jni\SpriteComponent.cpp">
      <Filter>Source Files</Filter>
    </ClCompile>
    <ClCompile Include="jni\Sound.cpp">
      <Filter>Source Files</Filter>
    </ClCompile>
    <ClCompile Include="jni\SoundManager.cpp">
      <Filter>Source Files</Filter>
    </ClCompile>
    <ClCompile Include="jni\Camera.cpp">
      <Filter>Source Files</Filter>
    </ClCompile>
    <ClCompile Include="jni\Demo.cpp">
      <Filter>Demo</Filter>
    </ClCompile>
    <ClCompile Include="jni\Scene01.cpp">
      <Filter>Demo</Filter>
    </ClCompile>
    <ClCompile Include="jni\Scene02.cpp">
      <Filter>Demo</Filter>
    </ClCompile>
    <ClCompile Include="jni\Scene03.cpp">
      <Filter>Demo</Filter>
    </ClCompile>
    <ClCompile Include="jni\Scene04.cpp">
      <Filter>Demo</Filter>
    </ClCompile>
    <ClCompile Include="jni\Primitives.cpp">
      <Filter>Demo</Filter>
    </ClCompile>
    <ClCompile Include="jni\MathDemo.cpp">
      <Filter>Demo</Filter>
    </ClCompile>
    <ClCompile Include="jni\ShaderDemo.cpp">
      <Filter>Demo</Filter>
    </ClCompile>
  </ItemGroup>
  <ItemGroup>
    <ClInclude Include="OpenGL.h">
      <Filter>Header Files</Filter>
    </ClInclude>
    <ClInclude Include="Win32toAndroid.h">
      <Filter>Header Files</Filter>
    </ClInclude>
    <ClInclude Include="Window.h">
      <Filter>Header Files</Filter>
    </ClInclude>
    <ClInclude Include="jni\Shader.h">
      <Filter>Header Files</Filter>
    </ClInclude>
    <ClInclude Include="jni\Debug.h">
      <Filter>Header Files</Filter>
    </ClInclude>
    <ClInclude Include="FileReader.h">
      <Filter>Header Files</Filter>
    </ClInclude>
    <ClInclude Include="jni\Texture.h">
      <Filter>Header Files</Filter>
    </ClInclude>
    <ClInclude Include="jni\Game.h">
      <Filter>Header Files</Filter>
    </ClInclude>
    <ClInclude Include="jni\ContentManager.h">
      <Filter>Header Files</Filter>
    </ClInclude>
    <ClInclude Include="jni\DeviceManager.h">
      <Filter>Header Files</Filter>
    </ClInclude>
    <ClInclude Include="jni\ObjLoader.h">
      <Filter>Header Files</Filter>
    </ClInclude>
    <ClInclude Include="jni\Quad.h">
      <Filter>Header Files</Filter>
    </ClInclude>
    <ClInclude Include="jni\Mesh.h">
      <Filter>Header Files</Filter>
    </ClInclude>
    <ClInclude Include="jni\GameObject.h">
      <Filter>Header Files</Filter>
    </ClInclude>
    <ClInclude Include="jni\Sprite.h">
      <Filter>Header Files</Filter>
    </ClInclude>
    <ClInclude Include="jni\Object.h">
      <Filter>Header Files</Filter>
    </ClInclude>
    <ClInclude Include="jni\SpriteComponent.h">
      <Filter>Header Files</Filter>
    </ClInclude>
    <ClInclude Include="jni\Sound.h">
      <Filter>Header Files</Filter>
    </ClInclude>
    <ClInclude Include="jni\SoundManager.h">
      <Filter>Header Files</Filter>
    </ClInclude>
    <ClInclude Include="jni\Camera.h">
      <Filter>Header Files</Filter>
    </ClInclude>
    <ClInclude Include="jni\Demo.h">
      <Filter>Demo</Filter>
    </ClInclude>
    <ClInclude Include="jni\Scene01.h">
      <Filter>Demo</Filter>
    </ClInclude>
    <ClInclude Include="jni\Scene02.h">
      <Filter>Demo</Filter>
    </ClInclude>
    <ClInclude Include="jni\Scene03.h">
      <Filter>Demo</Filter>
    </ClInclude>
    <ClInclude Include="jni\Scene04.h">
      <Filter>Demo</Filter>
    </ClInclude>
    <ClInclude Include="jni\Primitives.h">
      <Filter>Demo</Filter>
    </ClInclude>
    <ClInclude Include="jni\MathDemo.h">
      <Filter>Demo</Filter>
    </ClInclude>
    <ClInclude Include="jni\ShaderDemo.h">
      <Filter>Demo</Filter>
    </ClInclude>
  </ItemGroup>
</Project>